// !$*UTF8*$!
{
	archiveVersion = 1;
	classes = {
	};
	objectVersion = 46;
	objects = {

/* Begin PBXBuildFile section */
		8600D06C1C4BEA2D006DC24C /* main.m in Sources */ = {isa = PBXBuildFile; fileRef = 8600D06B1C4BEA2D006DC24C /* main.m */; };
		8600D06F1C4BEA2D006DC24C /* AppDelegate.m in Sources */ = {isa = PBXBuildFile; fileRef = 8600D06E1C4BEA2D006DC24C /* AppDelegate.m */; };
		8600D0721C4BEA2D006DC24C /* ViewController.m in Sources */ = {isa = PBXBuildFile; fileRef = 8600D0711C4BEA2D006DC24C /* ViewController.m */; };
		8600D0751C4BEA2D006DC24C /* Main.storyboard in Resources */ = {isa = PBXBuildFile; fileRef = 8600D0731C4BEA2D006DC24C /* Main.storyboard */; };
		8600D0771C4BEA2D006DC24C /* Assets.xcassets in Resources */ = {isa = PBXBuildFile; fileRef = 8600D0761C4BEA2D006DC24C /* Assets.xcassets */; };
		8600D07A1C4BEA2D006DC24C /* LaunchScreen.storyboard in Resources */ = {isa = PBXBuildFile; fileRef = 8600D0781C4BEA2D006DC24C /* LaunchScreen.storyboard */; };
		8600D0851C4BEA2D006DC24C /* BrowserAppTests.m in Sources */ = {isa = PBXBuildFile; fileRef = 8600D0841C4BEA2D006DC24C /* BrowserAppTests.m */; };
		8600D0901C4BEA2E006DC24C /* BrowserAppUITests.m in Sources */ = {isa = PBXBuildFile; fileRef = 8600D08F1C4BEA2E006DC24C /* BrowserAppUITests.m */; };
/* End PBXBuildFile section */

/* Begin PBXContainerItemProxy section */
		8600D0811C4BEA2D006DC24C /* PBXContainerItemProxy */ = {
			isa = PBXContainerItemProxy;
			containerPortal = 8600D05F1C4BEA2D006DC24C /* Project object */;
			proxyType = 1;
			remoteGlobalIDString = 8600D0661C4BEA2D006DC24C;
			remoteInfo = BrowserApp;
		};
		8600D08C1C4BEA2E006DC24C /* PBXContainerItemProxy */ = {
			isa = PBXContainerItemProxy;
			containerPortal = 8600D05F1C4BEA2D006DC24C /* Project object */;
			proxyType = 1;
			remoteGlobalIDString = 8600D0661C4BEA2D006DC24C;
			remoteInfo = BrowserApp;
		};
/* End PBXContainerItemProxy section */

/* Begin PBXFileReference section */
		8600D0671C4BEA2D006DC24C /* BrowserApp.app */ = {isa = PBXFileReference; explicitFileType = wrapper.application; includeInIndex = 0; path = BrowserApp.app; sourceTree = BUILT_PRODUCTS_DIR; };
		8600D06B1C4BEA2D006DC24C /* main.m */ = {isa = PBXFileReference; lastKnownFileType = sourcecode.c.objc; path = main.m; sourceTree = "<group>"; };
		8600D06D1C4BEA2D006DC24C /* AppDelegate.h */ = {isa = PBXFileReference; lastKnownFileType = sourcecode.c.h; path = AppDelegate.h; sourceTree = "<group>"; };
		8600D06E1C4BEA2D006DC24C /* AppDelegate.m */ = {isa = PBXFileReference; lastKnownFileType = sourcecode.c.objc; path = AppDelegate.m; sourceTree = "<group>"; };
		8600D0701C4BEA2D006DC24C /* ViewController.h */ = {isa = PBXFileReference; lastKnownFileType = sourcecode.c.h; path = ViewController.h; sourceTree = "<group>"; };
		8600D0711C4BEA2D006DC24C /* ViewController.m */ = {isa = PBXFileReference; lastKnownFileType = sourcecode.c.objc; path = ViewController.m; sourceTree = "<group>"; };
		8600D0741C4BEA2D006DC24C /* Base */ = {isa = PBXFileReference; lastKnownFileType = file.storyboard; name = Base; path = Base.lproj/Main.storyboard; sourceTree = "<group>"; };
		8600D0761C4BEA2D006DC24C /* Assets.xcassets */ = {isa = PBXFileReference; lastKnownFileType = folder.assetcatalog; path = Assets.xcassets; sourceTree = "<group>"; };
		8600D0791C4BEA2D006DC24C /* Base */ = {isa = PBXFileReference; lastKnownFileType = file.storyboard; name = Base; path = Base.lproj/LaunchScreen.storyboard; sourceTree = "<group>"; };
		8600D07B1C4BEA2D006DC24C /* Info.plist */ = {isa = PBXFileReference; lastKnownFileType = text.plist.xml; path = Info.plist; sourceTree = "<group>"; };
		8600D0801C4BEA2D006DC24C /* BrowserAppTests.xctest */ = {isa = PBXFileReference; explicitFileType = wrapper.cfbundle; includeInIndex = 0; path = BrowserAppTests.xctest; sourceTree = BUILT_PRODUCTS_DIR; };
		8600D0841C4BEA2D006DC24C /* BrowserAppTests.m */ = {isa = PBXFileReference; lastKnownFileType = sourcecode.c.objc; path = BrowserAppTests.m; sourceTree = "<group>"; };
		8600D0861C4BEA2D006DC24C /* Info.plist */ = {isa = PBXFileReference; lastKnownFileType = text.plist.xml; path = Info.plist; sourceTree = "<group>"; };
		8600D08B1C4BEA2E006DC24C /* BrowserAppUITests.xctest */ = {isa = PBXFileReference; explicitFileType = wrapper.cfbundle; includeInIndex = 0; path = BrowserAppUITests.xctest; sourceTree = BUILT_PRODUCTS_DIR; };
		8600D08F1C4BEA2E006DC24C /* BrowserAppUITests.m */ = {isa = PBXFileReference; lastKnownFileType = sourcecode.c.objc; path = BrowserAppUITests.m; sourceTree = "<group>"; };
		8600D0911C4BEA2E006DC24C /* Info.plist */ = {isa = PBXFileReference; lastKnownFileType = text.plist.xml; path = Info.plist; sourceTree = "<group>"; };
/* End PBXFileReference section */

/* Begin PBXFrameworksBuildPhase section */
		8600D0641C4BEA2D006DC24C /* Frameworks */ = {
			isa = PBXFrameworksBuildPhase;
			buildActionMask = 2147483647;
			files = (
			);
			runOnlyForDeploymentPostprocessing = 0;
		};
		8600D07D1C4BEA2D006DC24C /* Frameworks */ = {
			isa = PBXFrameworksBuildPhase;
			buildActionMask = 2147483647;
			files = (
			);
			runOnlyForDeploymentPostprocessing = 0;
		};
		8600D0881C4BEA2E006DC24C /* Frameworks */ = {
			isa = PBXFrameworksBuildPhase;
			buildActionMask = 2147483647;
			files = (
			);
			runOnlyForDeploymentPostprocessing = 0;
		};
/* End PBXFrameworksBuildPhase section */

/* Begin PBXGroup section */
		8600D05E1C4BEA2D006DC24C = {
			isa = PBXGroup;
			children = (
				8600D0691C4BEA2D006DC24C /* BrowserApp */,
				8600D0831C4BEA2D006DC24C /* BrowserAppTests */,
				8600D08E1C4BEA2E006DC24C /* BrowserAppUITests */,
				8600D0681C4BEA2D006DC24C /* Products */,
			);
			sourceTree = "<group>";
		};
		8600D0681C4BEA2D006DC24C /* Products */ = {
			isa = PBXGroup;
			children = (
				8600D0671C4BEA2D006DC24C /* BrowserApp.app */,
				8600D0801C4BEA2D006DC24C /* BrowserAppTests.xctest */,
				8600D08B1C4BEA2E006DC24C /* BrowserAppUITests.xctest */,
			);
			name = Products;
			sourceTree = "<group>";
		};
		8600D0691C4BEA2D006DC24C /* BrowserApp */ = {
			isa = PBXGroup;
			children = (
				8600D06D1C4BEA2D006DC24C /* AppDelegate.h */,
				8600D06E1C4BEA2D006DC24C /* AppDelegate.m */,
				8600D0701C4BEA2D006DC24C /* ViewController.h */,
				8600D0711C4BEA2D006DC24C /* ViewController.m */,
				8600D0731C4BEA2D006DC24C /* Main.storyboard */,
				8600D0761C4BEA2D006DC24C /* Assets.xcassets */,
				8600D0781C4BEA2D006DC24C /* LaunchScreen.storyboard */,
				8600D07B1C4BEA2D006DC24C /* Info.plist */,
				8600D06A1C4BEA2D006DC24C /* Supporting Files */,
			);
			path = BrowserApp;
			sourceTree = "<group>";
		};
		8600D06A1C4BEA2D006DC24C /* Supporting Files */ = {
			isa = PBXGroup;
			children = (
				8600D06B1C4BEA2D006DC24C /* main.m */,
			);
			name = "Supporting Files";
			sourceTree = "<group>";
		};
		8600D0831C4BEA2D006DC24C /* BrowserAppTests */ = {
			isa = PBXGroup;
			children = (
				8600D0841C4BEA2D006DC24C /* BrowserAppTests.m */,
				8600D0861C4BEA2D006DC24C /* Info.plist */,
			);
			path = BrowserAppTests;
			sourceTree = "<group>";
		};
		8600D08E1C4BEA2E006DC24C /* BrowserAppUITests */ = {
			isa = PBXGroup;
			children = (
				8600D08F1C4BEA2E006DC24C /* BrowserAppUITests.m */,
				8600D0911C4BEA2E006DC24C /* Info.plist */,
			);
			path = BrowserAppUITests;
			sourceTree = "<group>";
		};
/* End PBXGroup section */

/* Begin PBXNativeTarget section */
		8600D0661C4BEA2D006DC24C /* BrowserApp */ = {
			isa = PBXNativeTarget;
			buildConfigurationList = 8600D0941C4BEA2E006DC24C /* Build configuration list for PBXNativeTarget "BrowserApp" */;
			buildPhases = (
				8600D0631C4BEA2D006DC24C /* Sources */,
				8600D0641C4BEA2D006DC24C /* Frameworks */,
				8600D0651C4BEA2D006DC24C /* Resources */,
			);
			buildRules = (
			);
			dependencies = (
			);
			name = BrowserApp;
			productName = BrowserApp;
			productReference = 8600D0671C4BEA2D006DC24C /* BrowserApp.app */;
			productType = "com.apple.product-type.application";
		};
		8600D07F1C4BEA2D006DC24C /* BrowserAppTests */ = {
			isa = PBXNativeTarget;
			buildConfigurationList = 8600D0971C4BEA2E006DC24C /* Build configuration list for PBXNativeTarget "BrowserAppTests" */;
			buildPhases = (
				8600D07C1C4BEA2D006DC24C /* Sources */,
				8600D07D1C4BEA2D006DC24C /* Frameworks */,
				8600D07E1C4BEA2D006DC24C /* Resources */,
			);
			buildRules = (
			);
			dependencies = (
				8600D0821C4BEA2D006DC24C /* PBXTargetDependency */,
			);
			name = BrowserAppTests;
			productName = BrowserAppTests;
			productReference = 8600D0801C4BEA2D006DC24C /* BrowserAppTests.xctest */;
			productType = "com.apple.product-type.bundle.unit-test";
		};
		8600D08A1C4BEA2E006DC24C /* BrowserAppUITests */ = {
			isa = PBXNativeTarget;
			buildConfigurationList = 8600D09A1C4BEA2E006DC24C /* Build configuration list for PBXNativeTarget "BrowserAppUITests" */;
			buildPhases = (
				8600D0871C4BEA2E006DC24C /* Sources */,
				8600D0881C4BEA2E006DC24C /* Frameworks */,
				8600D0891C4BEA2E006DC24C /* Resources */,
			);
			buildRules = (
			);
			dependencies = (
				8600D08D1C4BEA2E006DC24C /* PBXTargetDependency */,
			);
			name = BrowserAppUITests;
			productName = BrowserAppUITests;
			productReference = 8600D08B1C4BEA2E006DC24C /* BrowserAppUITests.xctest */;
			productType = "com.apple.product-type.bundle.ui-testing";
		};
/* End PBXNativeTarget section */

/* Begin PBXProject section */
		8600D05F1C4BEA2D006DC24C /* Project object */ = {
			isa = PBXProject;
			attributes = {
				LastUpgradeCheck = 0720;
				ORGANIZATIONNAME = Adobe;
				TargetAttributes = {
					8600D0661C4BEA2D006DC24C = {
						CreatedOnToolsVersion = 7.2;
						DevelopmentTeam = ZSTU8RPNMW;
					};
					8600D07F1C4BEA2D006DC24C = {
						CreatedOnToolsVersion = 7.2;
						DevelopmentTeam = ZSTU8RPNMW;
						TestTargetID = 8600D0661C4BEA2D006DC24C;
					};
					8600D08A1C4BEA2E006DC24C = {
						CreatedOnToolsVersion = 7.2;
						DevelopmentTeam = ZSTU8RPNMW;
						TestTargetID = 8600D0661C4BEA2D006DC24C;
					};
				};
			};
			buildConfigurationList = 8600D0621C4BEA2D006DC24C /* Build configuration list for PBXProject "BrowserApp" */;
			compatibilityVersion = "Xcode 3.2";
			developmentRegion = English;
			hasScannedForEncodings = 0;
			knownRegions = (
				en,
				Base,
			);
			mainGroup = 8600D05E1C4BEA2D006DC24C;
			productRefGroup = 8600D0681C4BEA2D006DC24C /* Products */;
			projectDirPath = "";
			projectRoot = "";
			targets = (
				8600D0661C4BEA2D006DC24C /* BrowserApp */,
				8600D07F1C4BEA2D006DC24C /* BrowserAppTests */,
				8600D08A1C4BEA2E006DC24C /* BrowserAppUITests */,
			);
		};
/* End PBXProject section */

/* Begin PBXResourcesBuildPhase section */
		8600D0651C4BEA2D006DC24C /* Resources */ = {
			isa = PBXResourcesBuildPhase;
			buildActionMask = 2147483647;
			files = (
				8600D07A1C4BEA2D006DC24C /* LaunchScreen.storyboard in Resources */,
				8600D0771C4BEA2D006DC24C /* Assets.xcassets in Resources */,
				8600D0751C4BEA2D006DC24C /* Main.storyboard in Resources */,
			);
			runOnlyForDeploymentPostprocessing = 0;
		};
		8600D07E1C4BEA2D006DC24C /* Resources */ = {
			isa = PBXResourcesBuildPhase;
			buildActionMask = 2147483647;
			files = (
			);
			runOnlyForDeploymentPostprocessing = 0;
		};
		8600D0891C4BEA2E006DC24C /* Resources */ = {
			isa = PBXResourcesBuildPhase;
			buildActionMask = 2147483647;
			files = (
			);
			runOnlyForDeploymentPostprocessing = 0;
		};
/* End PBXResourcesBuildPhase section */

/* Begin PBXSourcesBuildPhase section */
		8600D0631C4BEA2D006DC24C /* Sources */ = {
			isa = PBXSourcesBuildPhase;
			buildActionMask = 2147483647;
			files = (
				8600D0721C4BEA2D006DC24C /* ViewController.m in Sources */,
				8600D06F1C4BEA2D006DC24C /* AppDelegate.m in Sources */,
				8600D06C1C4BEA2D006DC24C /* main.m in Sources */,
			);
			runOnlyForDeploymentPostprocessing = 0;
		};
		8600D07C1C4BEA2D006DC24C /* Sources */ = {
			isa = PBXSourcesBuildPhase;
			buildActionMask = 2147483647;
			files = (
				8600D0851C4BEA2D006DC24C /* BrowserAppTests.m in Sources */,
			);
			runOnlyForDeploymentPostprocessing = 0;
		};
		8600D0871C4BEA2E006DC24C /* Sources */ = {
			isa = PBXSourcesBuildPhase;
			buildActionMask = 2147483647;
			files = (
				8600D0901C4BEA2E006DC24C /* BrowserAppUITests.m in Sources */,
			);
			runOnlyForDeploymentPostprocessing = 0;
		};
/* End PBXSourcesBuildPhase section */

/* Begin PBXTargetDependency section */
		8600D0821C4BEA2D006DC24C /* PBXTargetDependency */ = {
			isa = PBXTargetDependency;
			target = 8600D0661C4BEA2D006DC24C /* BrowserApp */;
			targetProxy = 8600D0811C4BEA2D006DC24C /* PBXContainerItemProxy */;
		};
		8600D08D1C4BEA2E006DC24C /* PBXTargetDependency */ = {
			isa = PBXTargetDependency;
			target = 8600D0661C4BEA2D006DC24C /* BrowserApp */;
			targetProxy = 8600D08C1C4BEA2E006DC24C /* PBXContainerItemProxy */;
		};
/* End PBXTargetDependency section */

/* Begin PBXVariantGroup section */
		8600D0731C4BEA2D006DC24C /* Main.storyboard */ = {
			isa = PBXVariantGroup;
			children = (
				8600D0741C4BEA2D006DC24C /* Base */,
			);
			name = Main.storyboard;
			sourceTree = "<group>";
		};
		8600D0781C4BEA2D006DC24C /* LaunchScreen.storyboard */ = {
			isa = PBXVariantGroup;
			children = (
				8600D0791C4BEA2D006DC24C /* Base */,
			);
			name = LaunchScreen.storyboard;
			sourceTree = "<group>";
		};
/* End PBXVariantGroup section */

/* Begin XCBuildConfiguration section */
		8600D0921C4BEA2E006DC24C /* Debug */ = {
			isa = XCBuildConfiguration;
			buildSettings = {
				ALWAYS_SEARCH_USER_PATHS = NO;
				CLANG_CXX_LANGUAGE_STANDARD = "gnu++0x";
				CLANG_CXX_LIBRARY = "libc++";
				CLANG_ENABLE_MODULES = YES;
				CLANG_ENABLE_OBJC_ARC = YES;
				CLANG_WARN_BOOL_CONVERSION = YES;
				CLANG_WARN_CONSTANT_CONVERSION = YES;
				CLANG_WARN_DIRECT_OBJC_ISA_USAGE = YES_ERROR;
				CLANG_WARN_EMPTY_BODY = YES;
				CLANG_WARN_ENUM_CONVERSION = YES;
				CLANG_WARN_INT_CONVERSION = YES;
				CLANG_WARN_OBJC_ROOT_CLASS = YES_ERROR;
				CLANG_WARN_UNREACHABLE_CODE = YES;
				CLANG_WARN__DUPLICATE_METHOD_MATCH = YES;
				"CODE_SIGN_IDENTITY[sdk=iphoneos*]" = "iPhone Developer";
				COPY_PHASE_STRIP = NO;
				DEBUG_INFORMATION_FORMAT = dwarf;
				ENABLE_STRICT_OBJC_MSGSEND = YES;
				ENABLE_TESTABILITY = YES;
				GCC_C_LANGUAGE_STANDARD = gnu99;
				GCC_DYNAMIC_NO_PIC = NO;
				GCC_NO_COMMON_BLOCKS = YES;
				GCC_OPTIMIZATION_LEVEL = 0;
				GCC_PREPROCESSOR_DEFINITIONS = (
					"DEBUG=1",
					"$(inherited)",
				);
				GCC_WARN_64_TO_32_BIT_CONVERSION = YES;
				GCC_WARN_ABOUT_RETURN_TYPE = YES_ERROR;
				GCC_WARN_UNDECLARED_SELECTOR = YES;
				GCC_WARN_UNINITIALIZED_AUTOS = YES_AGGRESSIVE;
				GCC_WARN_UNUSED_FUNCTION = YES;
				GCC_WARN_UNUSED_VARIABLE = YES;
				IPHONEOS_DEPLOYMENT_TARGET = 9.2;
				MTL_ENABLE_DEBUG_INFO = YES;
				ONLY_ACTIVE_ARCH = YES;
				SDKROOT = iphoneos;
			};
			name = Debug;
		};
		8600D0931C4BEA2E006DC24C /* Release */ = {
			isa = XCBuildConfiguration;
			buildSettings = {
				ALWAYS_SEARCH_USER_PATHS = NO;
				CLANG_CXX_LANGUAGE_STANDARD = "gnu++0x";
				CLANG_CXX_LIBRARY = "libc++";
				CLANG_ENABLE_MODULES = YES;
				CLANG_ENABLE_OBJC_ARC = YES;
				CLANG_WARN_BOOL_CONVERSION = YES;
				CLANG_WARN_CONSTANT_CONVERSION = YES;
				CLANG_WARN_DIRECT_OBJC_ISA_USAGE = YES_ERROR;
				CLANG_WARN_EMPTY_BODY = YES;
				CLANG_WARN_ENUM_CONVERSION = YES;
				CLANG_WARN_INT_CONVERSION = YES;
				CLANG_WARN_OBJC_ROOT_CLASS = YES_ERROR;
				CLANG_WARN_UNREACHABLE_CODE = YES;
				CLANG_WARN__DUPLICATE_METHOD_MATCH = YES;
				"CODE_SIGN_IDENTITY[sdk=iphoneos*]" = "iPhone Developer";
				COPY_PHASE_STRIP = NO;
				DEBUG_INFORMATION_FORMAT = "dwarf-with-dsym";
				ENABLE_NS_ASSERTIONS = NO;
				ENABLE_STRICT_OBJC_MSGSEND = YES;
				GCC_C_LANGUAGE_STANDARD = gnu99;
				GCC_NO_COMMON_BLOCKS = YES;
				GCC_WARN_64_TO_32_BIT_CONVERSION = YES;
				GCC_WARN_ABOUT_RETURN_TYPE = YES_ERROR;
				GCC_WARN_UNDECLARED_SELECTOR = YES;
				GCC_WARN_UNINITIALIZED_AUTOS = YES_AGGRESSIVE;
				GCC_WARN_UNUSED_FUNCTION = YES;
				GCC_WARN_UNUSED_VARIABLE = YES;
				IPHONEOS_DEPLOYMENT_TARGET = 9.2;
				MTL_ENABLE_DEBUG_INFO = NO;
				SDKROOT = iphoneos;
				VALIDATE_PRODUCT = YES;
			};
			name = Release;
		};
		8600D0951C4BEA2E006DC24C /* Debug */ = {
			isa = XCBuildConfiguration;
			buildSettings = {
				ASSETCATALOG_COMPILER_APPICON_NAME = AppIcon;
				INFOPLIST_FILE = BrowserApp/Info.plist;
				LD_RUNPATH_SEARCH_PATHS = "$(inherited) @executable_path/Frameworks";
				PRODUCT_BUNDLE_IDENTIFIER = com.adobe.BrowserApp;
				PRODUCT_NAME = "$(TARGET_NAME)";
			};
			name = Debug;
		};
		8600D0961C4BEA2E006DC24C /* Release */ = {
			isa = XCBuildConfiguration;
			buildSettings = {
				ASSETCATALOG_COMPILER_APPICON_NAME = AppIcon;
				INFOPLIST_FILE = BrowserApp/Info.plist;
				LD_RUNPATH_SEARCH_PATHS = "$(inherited) @executable_path/Frameworks";
				PRODUCT_BUNDLE_IDENTIFIER = com.adobe.BrowserApp;
				PRODUCT_NAME = "$(TARGET_NAME)";
			};
			name = Release;
		};
		8600D0981C4BEA2E006DC24C /* Debug */ = {
			isa = XCBuildConfiguration;
			buildSettings = {
				BUNDLE_LOADER = "$(TEST_HOST)";
				INFOPLIST_FILE = BrowserAppTests/Info.plist;
				LD_RUNPATH_SEARCH_PATHS = "$(inherited) @executable_path/Frameworks @loader_path/Frameworks";
				PRODUCT_BUNDLE_IDENTIFIER = com.adobe.BrowserAppTests;
				PRODUCT_NAME = "$(TARGET_NAME)";
				TEST_HOST = "$(BUILT_PRODUCTS_DIR)/BrowserApp.app/BrowserApp";
			};
			name = Debug;
		};
		8600D0991C4BEA2E006DC24C /* Release */ = {
			isa = XCBuildConfiguration;
			buildSettings = {
				BUNDLE_LOADER = "$(TEST_HOST)";
				INFOPLIST_FILE = BrowserAppTests/Info.plist;
				LD_RUNPATH_SEARCH_PATHS = "$(inherited) @executable_path/Frameworks @loader_path/Frameworks";
				PRODUCT_BUNDLE_IDENTIFIER = com.adobe.BrowserAppTests;
				PRODUCT_NAME = "$(TARGET_NAME)";
				TEST_HOST = "$(BUILT_PRODUCTS_DIR)/BrowserApp.app/BrowserApp";
			};
			name = Release;
		};
		8600D09B1C4BEA2E006DC24C /* Debug */ = {
			isa = XCBuildConfiguration;
			buildSettings = {
				INFOPLIST_FILE = BrowserAppUITests/Info.plist;
				LD_RUNPATH_SEARCH_PATHS = "$(inherited) @executable_path/Frameworks @loader_path/Frameworks";
				PRODUCT_BUNDLE_IDENTIFIER = com.adobe.BrowserAppUITests;
				PRODUCT_NAME = "$(TARGET_NAME)";
				TEST_TARGET_NAME = BrowserApp;
				USES_XCTRUNNER = YES;
			};
			name = Debug;
		};
		8600D09C1C4BEA2E006DC24C /* Release */ = {
			isa = XCBuildConfiguration;
			buildSettings = {
				INFOPLIST_FILE = BrowserAppUITests/Info.plist;
				LD_RUNPATH_SEARCH_PATHS = "$(inherited) @executable_path/Frameworks @loader_path/Frameworks";
				PRODUCT_BUNDLE_IDENTIFIER = com.adobe.BrowserAppUITests;
				PRODUCT_NAME = "$(TARGET_NAME)";
				TEST_TARGET_NAME = BrowserApp;
				USES_XCTRUNNER = YES;
			};
			name = Release;
		};
/* End XCBuildConfiguration section */

/* Begin XCConfigurationList section */
		8600D0621C4BEA2D006DC24C /* Build configuration list for PBXProject "BrowserApp" */ = {
			isa = XCConfigurationList;
			buildConfigurations = (
				8600D0921C4BEA2E006DC24C /* Debug */,
				8600D0931C4BEA2E006DC24C /* Release */,
			);
			defaultConfigurationIsVisible = 0;
			defaultConfigurationName = Release;
		};
		8600D0941C4BEA2E006DC24C /* Build configuration list for PBXNativeTarget "BrowserApp" */ = {
			isa = XCConfigurationList;
			buildConfigurations = (
				8600D0951C4BEA2E006DC24C /* Debug */,
				8600D0961C4BEA2E006DC24C /* Release */,
			);
			defaultConfigurationIsVisible = 0;
		};
		8600D0971C4BEA2E006DC24C /* Build configuration list for PBXNativeTarget "BrowserAppTests" */ = {
			isa = XCConfigurationList;
			buildConfigurations = (
				8600D0981C4BEA2E006DC24C /* Debug */,
				8600D0991C4BEA2E006DC24C /* Release */,
			);
			defaultConfigurationIsVisible = 0;
		};
		8600D09A1C4BEA2E006DC24C /* Build configuration list for PBXNativeTarget "BrowserAppUITests" */ = {
			isa = XCConfigurationList;
			buildConfigurations = (
				8600D09B1C4BEA2E006DC24C /* Debug */,
				8600D09C1C4BEA2E006DC24C /* Release */,
			);
			defaultConfigurationIsVisible = 0;
		};
/* End XCConfigurationList section */
	};
	rootObject = 8600D05F1C4BEA2D006DC24C /* Project object */;
}
